
Microsoft Visual Studio Solution File, Format Version 12.00
# Visual Studio Version 17
VisualStudioVersion = 17.1.32421.90
MinimumVisualStudioVersion = 10.0.40219.1
Project("{FAE04EC0-301F-11D3-BF4B-00C04F79EFBC}") = "MethodOverloading", "MethodOverloading\MethodOverloading.csproj", "{681501DD-BE90-4373-9A80-2781FCCE7ACE}"
EndProject
Global
	GlobalSection(SolutionConfigurationPlatforms) = preSolution
		Debug|Any CPU = Debug|Any CPU
		Release|Any CPU = Release|Any CPU
	EndGlobalSection
	GlobalSection(ProjectConfigurationPlatforms) = postSolution
		{681501DD-BE90-4373-9A80-2781FCCE7ACE}.Debug|Any CPU.ActiveCfg = Debug|Any CPU
		{681501DD-BE90-4373-9A80-2781FCCE7ACE}.Debug|Any CPU.Build.0 = Debug|Any CPU
		{681501DD-BE90-4373-9A80-2781FCCE7ACE}.Release|Any CPU.ActiveCfg = Release|Any CPU
		{681501DD-BE90-4373-9A80-2781FCCE7ACE}.Release|Any CPU.Build.0 = Release|Any CPU
	EndGlobalSection
	GlobalSection(SolutionProperties) = preSolution
		HideSolutionNode = FALSE
	EndGlobalSection
	GlobalSection(ExtensibilityGlobals) = postSolution
		SolutionGuid = {3E9412DA-DED7-4192-BA14-CD200AECE098}
	EndGlobalSection
EndGlobal
